// !$*UTF8*$!
{
	archiveVersion = 1;
	classes = {
	};
	objectVersion = 53;
	objects = {

/* Begin PBXBuildFile section */
		6799A24D2941C8C6000FAEB2 /* AppDelegate.swift in Sources */ = {isa = PBXBuildFile; fileRef = 6799A24C2941C8C6000FAEB2 /* AppDelegate.swift */; };
		6799A24F2941C8C6000FAEB2 /* SceneDelegate.swift in Sources */ = {isa = PBXBuildFile; fileRef = 6799A24E2941C8C6000FAEB2 /* SceneDelegate.swift */; };
		6799A2512941C8C6000FAEB2 /* ViewController.swift in Sources */ = {isa = PBXBuildFile; fileRef = 6799A2502941C8C6000FAEB2 /* ViewController.swift */; };
		6799A2542941C8C6000FAEB2 /* Main.storyboard in Resources */ = {isa = PBXBuildFile; fileRef = 6799A2522941C8C6000FAEB2 /* Main.storyboard */; };
		6799A2562941C8C9000FAEB2 /* Assets.xcassets in Resources */ = {isa = PBXBuildFile; fileRef = 6799A2552941C8C9000FAEB2 /* Assets.xcassets */; };
		6799A2592941C8C9000FAEB2 /* LaunchScreen.storyboard in Resources */ = {isa = PBXBuildFile; fileRef = 6799A2572941C8C9000FAEB2 /* LaunchScreen.storyboard */; };
		69FC4CD4E6F36C8B3F4C4F23 /* Pods_BroadcastUDP.framework in Frameworks */ = {isa = PBXBuildFile; fileRef = 6BFDFE048D2421F2EAFEB649 /* Pods_BroadcastUDP.framework */; };
/* End PBXBuildFile section */

/* Begin PBXFileReference section */
		57F05B635E9BB73CAAC3C0AD /* Pods-BroadcastUDP.release.xcconfig */ = {isa = PBXFileReference; includeInIndex = 1; lastKnownFileType = text.xcconfig; name = "Pods-BroadcastUDP.release.xcconfig"; path = "Target Support Files/Pods-BroadcastUDP/Pods-BroadcastUDP.release.xcconfig"; sourceTree = "<group>"; };
		6799A2492941C8C6000FAEB2 /* BroadcastUDP.app */ = {isa = PBXFileReference; explicitFileType = wrapper.application; includeInIndex = 0; path = BroadcastUDP.app; sourceTree = BUILT_PRODUCTS_DIR; };
		6799A24C2941C8C6000FAEB2 /* AppDelegate.swift */ = {isa = PBXFileReference; lastKnownFileType = sourcecode.swift; path = AppDelegate.swift; sourceTree = "<group>"; };
		6799A24E2941C8C6000FAEB2 /* SceneDelegate.swift */ = {isa = PBXFileReference; lastKnownFileType = sourcecode.swift; path = SceneDelegate.swift; sourceTree = "<group>"; };
		6799A2502941C8C6000FAEB2 /* ViewController.swift */ = {isa = PBXFileReference; lastKnownFileType = sourcecode.swift; path = ViewController.swift; sourceTree = "<group>"; };
		6799A2532941C8C6000FAEB2 /* Base */ = {isa = PBXFileReference; lastKnownFileType = file.storyboard; name = Base; path = Base.lproj/Main.storyboard; sourceTree = "<group>"; };
		6799A2552941C8C9000FAEB2 /* Assets.xcassets */ = {isa = PBXFileReference; lastKnownFileType = folder.assetcatalog; path = Assets.xcassets; sourceTree = "<group>"; };
		6799A2582941C8C9000FAEB2 /* Base */ = {isa = PBXFileReference; lastKnownFileType = file.storyboard; name = Base; path = Base.lproj/LaunchScreen.storyboard; sourceTree = "<group>"; };
		6799A25A2941C8C9000FAEB2 /* Info.plist */ = {isa = PBXFileReference; lastKnownFileType = text.plist.xml; path = Info.plist; sourceTree = "<group>"; };
		6BFDFE048D2421F2EAFEB649 /* Pods_BroadcastUDP.framework */ = {isa = PBXFileReference; explicitFileType = wrapper.framework; includeInIndex = 0; path = Pods_BroadcastUDP.framework; sourceTree = BUILT_PRODUCTS_DIR; };
		7C87B49313310A1D5F772517 /* Pods-BroadcastUDP.debug.xcconfig */ = {isa = PBXFileReference; includeInIndex = 1; lastKnownFileType = text.xcconfig; name = "Pods-BroadcastUDP.debug.xcconfig"; path = "Target Support Files/Pods-BroadcastUDP/Pods-BroadcastUDP.debug.xcconfig"; sourceTree = "<group>"; };
/* End PBXFileReference section */

/* Begin PBXFrameworksBuildPhase section */
		6799A2462941C8C6000FAEB2 /* Frameworks */ = {
			isa = PBXFrameworksBuildPhase;
			buildActionMask = 2147483647;
			files = (
				69FC4CD4E6F36C8B3F4C4F23 /* Pods_BroadcastUDP.framework in Frameworks */,
			);
			runOnlyForDeploymentPostprocessing = 0;
		};
/* End PBXFrameworksBuildPhase section */

/* Begin PBXGroup section */
		39EF28BFD797F3EF9DE79568 /* Frameworks */ = {
			isa = PBXGroup;
			children = (
				6BFDFE048D2421F2EAFEB649 /* Pods_BroadcastUDP.framework */,
			);
			name = Frameworks;
			sourceTree = "<group>";
		};
		6799A2402941C8C6000FAEB2 = {
			isa = PBXGroup;
			children = (
				6799A24B2941C8C6000FAEB2 /* BroadcastUDP */,
				6799A24A2941C8C6000FAEB2 /* Products */,
				D42F7FFF66A6170EB05E0296 /* Pods */,
				39EF28BFD797F3EF9DE79568 /* Frameworks */,
			);
			sourceTree = "<group>";
		};
		6799A24A2941C8C6000FAEB2 /* Products */ = {
			isa = PBXGroup;
			children = (
				6799A2492941C8C6000FAEB2 /* BroadcastUDP.app */,
			);
			name = Products;
			sourceTree = "<group>";
		};
		6799A24B2941C8C6000FAEB2 /* BroadcastUDP */ = {
			isa = PBXGroup;
			children = (
				6799A24C2941C8C6000FAEB2 /* AppDelegate.swift */,
				6799A24E2941C8C6000FAEB2 /* SceneDelegate.swift */,
				6799A2502941C8C6000FAEB2 /* ViewController.swift */,
				6799A2522941C8C6000FAEB2 /* Main.storyboard */,
				6799A2552941C8C9000FAEB2 /* Assets.xcassets */,
				6799A2572941C8C9000FAEB2 /* LaunchScreen.storyboard */,
				6799A25A2941C8C9000FAEB2 /* Info.plist */,
			);
			path = BroadcastUDP;
			sourceTree = "<group>";
		};
		D42F7FFF66A6170EB05E0296 /* Pods */ = {
			isa = PBXGroup;
			children = (
				7C87B49313310A1D5F772517 /* Pods-BroadcastUDP.debug.xcconfig */,
				57F05B635E9BB73CAAC3C0AD /* Pods-BroadcastUDP.release.xcconfig */,
			);
			path = Pods;
			sourceTree = "<group>";
		};
/* End PBXGroup section */

/* Begin PBXNativeTarget section */
		6799A2482941C8C6000FAEB2 /* BroadcastUDP */ = {
			isa = PBXNativeTarget;
			buildConfigurationList = 6799A25D2941C8C9000FAEB2 /* Build configuration list for PBXNativeTarget "BroadcastUDP" */;
			buildPhases = (
				E33237F4A04E1496A7DE4900 /* [CP] Check Pods Manifest.lock */,
				6799A2452941C8C6000FAEB2 /* Sources */,
				6799A2462941C8C6000FAEB2 /* Frameworks */,
				6799A2472941C8C6000FAEB2 /* Resources */,
				50A994B403AC39B76E11DAC3 /* [CP] Embed Pods Frameworks */,
			);
			buildRules = (
			);
			dependencies = (
			);
			name = BroadcastUDP;
			productName = BroadcastUDP;
			productReference = 6799A2492941C8C6000FAEB2 /* BroadcastUDP.app */;
			productType = "com.apple.product-type.application";
		};
/* End PBXNativeTarget section */

/* Begin PBXProject section */
		6799A2412941C8C6000FAEB2 /* Project object */ = {
			isa = PBXProject;
			attributes = {
				BuildIndependentTargetsInParallel = 1;
				LastSwiftUpdateCheck = 1410;
				LastUpgradeCheck = 1410;
				TargetAttributes = {
					6799A2482941C8C6000FAEB2 = {
						CreatedOnToolsVersion = 14.1;
					};
				};
			};
			buildConfigurationList = 6799A2442941C8C6000FAEB2 /* Build configuration list for PBXProject "BroadcastUDP" */;
			compatibilityVersion = "Xcode 9.3";
			developmentRegion = en;
			hasScannedForEncodings = 0;
			knownRegions = (
				en,
				Base,
			);
			mainGroup = 6799A2402941C8C6000FAEB2;
			productRefGroup = 6799A24A2941C8C6000FAEB2 /* Products */;
			projectDirPath = "";
			projectRoot = "";
			targets = (
				6799A2482941C8C6000FAEB2 /* BroadcastUDP */,
			);
		};
/* End PBXProject section */

/* Begin PBXResourcesBuildPhase section */
		6799A2472941C8C6000FAEB2 /* Resources */ = {
			isa = PBXResourcesBuildPhase;
			buildActionMask = 2147483647;
			files = (
				6799A2592941C8C9000FAEB2 /* LaunchScreen.storyboard in Resources */,
				6799A2562941C8C9000FAEB2 /* Assets.xcassets in Resources */,
				6799A2542941C8C6000FAEB2 /* Main.storyboard in Resources */,
			);
			runOnlyForDeploymentPostprocessing = 0;
		};
/* End PBXResourcesBuildPhase section */

/* Begin PBXShellScriptBuildPhase section */
		50A994B403AC39B76E11DAC3 /* [CP] Embed Pods Frameworks */ = {
			isa = PBXShellScriptBuildPhase;
			buildActionMask = 2147483647;
			files = (
			);
			inputFileListPaths = (
				"${PODS_ROOT}/Target Support Files/Pods-BroadcastUDP/Pods-BroadcastUDP-frameworks-${CONFIGURATION}-input-files.xcfilelist",
			);
			name = "[CP] Embed Pods Frameworks";
			outputFileListPaths = (
				"${PODS_ROOT}/Target Support Files/Pods-BroadcastUDP/Pods-BroadcastUDP-frameworks-${CONFIGURATION}-output-files.xcfilelist",
			);
			runOnlyForDeploymentPostprocessing = 0;
			shellPath = /bin/sh;
			shellScript = "\"${PODS_ROOT}/Target Support Files/Pods-BroadcastUDP/Pods-BroadcastUDP-frameworks.sh\"\n";
			showEnvVarsInLog = 0;
		};
		E33237F4A04E1496A7DE4900 /* [CP] Check Pods Manifest.lock */ = {
			isa = PBXShellScriptBuildPhase;
			buildActionMask = 2147483647;
			files = (
			);
			inputFileListPaths = (
			);
			inputPaths = (
				"${PODS_PODFILE_DIR_PATH}/Podfile.lock",
				"${PODS_ROOT}/Manifest.lock",
			);
			name = "[CP] Check Pods Manifest.lock";
			outputFileListPaths = (
			);
			outputPaths = (
				"$(DERIVED_FILE_DIR)/Pods-BroadcastUDP-checkManifestLockResult.txt",
			);
			runOnlyForDeploymentPostprocessing = 0;
			shellPath = /bin/sh;
			shellScript = "diff \"${PODS_PODFILE_DIR_PATH}/Podfile.lock\" \"${PODS_ROOT}/Manifest.lock\" > /dev/null\nif [ $? != 0 ] ; then\n    # print error to STDERR\n    echo \"error: The sandbox is not in sync with the Podfile.lock. Run 'pod install' or update your CocoaPods installation.\" >&2\n    exit 1\nfi\n# This output is used by Xcode 'outputs' to avoid re-running this script phase.\necho \"SUCCESS\" > \"${SCRIPT_OUTPUT_FILE_0}\"\n";
			showEnvVarsInLog = 0;
		};
/* End PBXShellScriptBuildPhase section */

/* Begin PBXSourcesBuildPhase section */
		6799A2452941C8C6000FAEB2 /* Sources */ = {
			isa = PBXSourcesBuildPhase;
			buildActionMask = 2147483647;
			files = (
				6799A2512941C8C6000FAEB2 /* ViewController.swift in Sources */,
				6799A24D2941C8C6000FAEB2 /* AppDelegate.swift in Sources */,
				6799A24F2941C8C6000FAEB2 /* SceneDelegate.swift in Sources */,
			);
			runOnlyForDeploymentPostprocessing = 0;
		};
/* End PBXSourcesBuildPhase section */

/* Begin PBXVariantGroup section */
		6799A2522941C8C6000FAEB2 /* Main.storyboard */ = {
			isa = PBXVariantGroup;
			children = (
				6799A2532941C8C6000FAEB2 /* Base */,
			);
			name = Main.storyboard;
			sourceTree = "<group>";
		};
		6799A2572941C8C9000FAEB2 /* LaunchScreen.storyboard */ = {
			isa = PBXVariantGroup;
			children = (
				6799A2582941C8C9000FAEB2 /* Base */,
			);
			name = LaunchScreen.storyboard;
			sourceTree = "<group>";
		};
/* End PBXVariantGroup section */

/* Begin XCBuildConfiguration section */
		6799A25B2941C8C9000FAEB2 /* Debug */ = {
			isa = XCBuildConfiguration;
			buildSettings = {
				ALWAYS_SEARCH_USER_PATHS = NO;
				CLANG_ANALYZER_NONNULL = YES;
				CLANG_ANALYZER_NUMBER_OBJECT_CONVERSION = YES_AGGRESSIVE;
				CLANG_CXX_LANGUAGE_STANDARD = "gnu++20";
				CLANG_ENABLE_MODULES = YES;
				CLANG_ENABLE_OBJC_ARC = YES;
				CLANG_ENABLE_OBJC_WEAK = YES;
				CLANG_WARN_BLOCK_CAPTURE_AUTORELEASING = YES;
				CLANG_WARN_BOOL_CONVERSION = YES;
				CLANG_WARN_COMMA = YES;
				CLANG_WARN_CONSTANT_CONVERSION = YES;
				CLANG_WARN_DEPRECATED_OBJC_IMPLEMENTATIONS = YES;
				CLANG_WARN_DIRECT_OBJC_ISA_USAGE = YES_ERROR;
				CLANG_WARN_DOCUMENTATION_COMMENTS = YES;
				CLANG_WARN_EMPTY_BODY = YES;
				CLANG_WARN_ENUM_CONVERSION = YES;
				CLANG_WARN_INFINITE_RECURSION = YES;
				CLANG_WARN_INT_CONVERSION = YES;
				CLANG_WARN_NON_LITERAL_NULL_CONVERSION = YES;
				CLANG_WARN_OBJC_IMPLICIT_RETAIN_SELF = YES;
				CLANG_WARN_OBJC_LITERAL_CONVERSION = YES;
				CLANG_WARN_OBJC_ROOT_CLASS = YES_ERROR;
				CLANG_WARN_QUOTED_INCLUDE_IN_FRAMEWORK_HEADER = YES;
				CLANG_WARN_RANGE_LOOP_ANALYSIS = YES;
				CLANG_WARN_STRICT_PROTOTYPES = YES;
				CLANG_WARN_SUSPICIOUS_MOVE = YES;
				CLANG_WARN_UNGUARDED_AVAILABILITY = YES_AGGRESSIVE;
				CLANG_WARN_UNREACHABLE_CODE = YES;
				CLANG_WARN__DUPLICATE_METHOD_MATCH = YES;
				COPY_PHASE_STRIP = NO;
				DEBUG_INFORMATION_FORMAT = dwarf;
				ENABLE_STRICT_OBJC_MSGSEND = YES;
				ENABLE_TESTABILITY = YES;
				GCC_C_LANGUAGE_STANDARD = gnu11;
				GCC_DYNAMIC_NO_PIC = NO;
				GCC_NO_COMMON_BLOCKS = YES;
				GCC_OPTIMIZATION_LEVEL = 0;
				GCC_PREPROCESSOR_DEFINITIONS = (
					"DEBUG=1",
					"$(inherited)",
				);
				GCC_WARN_64_TO_32_BIT_CONVERSION = YES;
				GCC_WARN_ABOUT_RETURN_TYPE = YES_ERROR;
				GCC_WARN_UNDECLARED_SELECTOR = YES;
				GCC_WARN_UNINITIALIZED_AUTOS = YES_AGGRESSIVE;
				GCC_WARN_UNUSED_FUNCTION = YES;
				GCC_WARN_UNUSED_VARIABLE = YES;
				IPHONEOS_DEPLOYMENT_TARGET = 16.1;
				MTL_ENABLE_DEBUG_INFO = INCLUDE_SOURCE;
				MTL_FAST_MATH = YES;
				ONLY_ACTIVE_ARCH = YES;
				SDKROOT = iphoneos;
				SWIFT_ACTIVE_COMPILATION_CONDITIONS = DEBUG;
				SWIFT_OPTIMIZATION_LEVEL = "-Onone";
			};
			name = Debug;
		};
		6799A25C2941C8C9000FAEB2 /* Release */ = {
			isa = XCBuildConfiguration;
			buildSettings = {
				ALWAYS_SEARCH_USER_PATHS = NO;
				CLANG_ANALYZER_NONNULL = YES;
				CLANG_ANALYZER_NUMBER_OBJECT_CONVERSION = YES_AGGRESSIVE;
				CLANG_CXX_LANGUAGE_STANDARD = "gnu++20";
				CLANG_ENABLE_MODULES = YES;
				CLANG_ENABLE_OBJC_ARC = YES;
				CLANG_ENABLE_OBJC_WEAK = YES;
				CLANG_WARN_BLOCK_CAPTURE_AUTORELEASING = YES;
				CLANG_WARN_BOOL_CONVERSION = YES;
				CLANG_WARN_COMMA = YES;
				CLANG_WARN_CONSTANT_CONVERSION = YES;
				CLANG_WARN_DEPRECATED_OBJC_IMPLEMENTATIONS = YES;
				CLANG_WARN_DIRECT_OBJC_ISA_USAGE = YES_ERROR;
				CLANG_WARN_DOCUMENTATION_COMMENTS = YES;
				CLANG_WARN_EMPTY_BODY = YES;
				CLANG_WARN_ENUM_CONVERSION = YES;
				CLANG_WARN_INFINITE_RECURSION = YES;
				CLANG_WARN_INT_CONVERSION = YES;
				CLANG_WARN_NON_LITERAL_NULL_CONVERSION = YES;
				CLANG_WARN_OBJC_IMPLICIT_RETAIN_SELF = YES;
				CLANG_WARN_OBJC_LITERAL_CONVERSION = YES;
				CLANG_WARN_OBJC_ROOT_CLASS = YES_ERROR;
				CLANG_WARN_QUOTED_INCLUDE_IN_FRAMEWORK_HEADER = YES;
				CLANG_WARN_RANGE_LOOP_ANALYSIS = YES;
				CLANG_WARN_STRICT_PROTOTYPES = YES;
				CLANG_WARN_SUSPICIOUS_MOVE = YES;
				CLANG_WARN_UNGUARDED_AVAILABILITY = YES_AGGRESSIVE;
				CLANG_WARN_UNREACHABLE_CODE = YES;
				CLANG_WARN__DUPLICATE_METHOD_MATCH = YES;
				COPY_PHASE_STRIP = NO;
				DEBUG_INFORMATION_FORMAT = "dwarf-with-dsym";
				ENABLE_NS_ASSERTIONS = NO;
				ENABLE_STRICT_OBJC_MSGSEND = YES;
				GCC_C_LANGUAGE_STANDARD = gnu11;
				GCC_NO_COMMON_BLOCKS = YES;
				GCC_WARN_64_TO_32_BIT_CONVERSION = YES;
				GCC_WARN_ABOUT_RETURN_TYPE = YES_ERROR;
				GCC_WARN_UNDECLARED_SELECTOR = YES;
				GCC_WARN_UNINITIALIZED_AUTOS = YES_AGGRESSIVE;
				GCC_WARN_UNUSED_FUNCTION = YES;
				GCC_WARN_UNUSED_VARIABLE = YES;
				IPHONEOS_DEPLOYMENT_TARGET = 16.1;
				MTL_ENABLE_DEBUG_INFO = NO;
				MTL_FAST_MATH = YES;
				SDKROOT = iphoneos;
				SWIFT_COMPILATION_MODE = wholemodule;
				SWIFT_OPTIMIZATION_LEVEL = "-O";
				VALIDATE_PRODUCT = YES;
			};
			name = Release;
		};
		6799A25E2941C8C9000FAEB2 /* Debug */ = {
			isa = XCBuildConfiguration;
			baseConfigurationReference = 7C87B49313310A1D5F772517 /* Pods-BroadcastUDP.debug.xcconfig */;
			buildSettings = {
				ASSETCATALOG_COMPILER_APPICON_NAME = AppIcon;
				ASSETCATALOG_COMPILER_GLOBAL_ACCENT_COLOR_NAME = AccentColor;
				CODE_SIGN_STYLE = Automatic;
				CURRENT_PROJECT_VERSION = 1;
				GENERATE_INFOPLIST_FILE = YES;
				INFOPLIST_FILE = BroadcastUDP/Info.plist;
				INFOPLIST_KEY_UIApplicationSupportsIndirectInputEvents = YES;
				INFOPLIST_KEY_UILaunchStoryboardName = LaunchScreen;
				INFOPLIST_KEY_UIMainStoryboardFile = Main;
				INFOPLIST_KEY_UISupportedInterfaceOrientations_iPad = "UIInterfaceOrientationPortrait UIInterfaceOrientationPortraitUpsideDown UIInterfaceOrientationLandscapeLeft UIInterfaceOrientationLandscapeRight";
				INFOPLIST_KEY_UISupportedInterfaceOrientations_iPhone = "UIInterfaceOrientationPortrait UIInterfaceOrientationLandscapeLeft UIInterfaceOrientationLandscapeRight";
				LD_RUNPATH_SEARCH_PATHS = (
					"$(inherited)",
					"@executable_path/Frameworks",
				);
				MARKETING_VERSION = 1.0;
				PRODUCT_BUNDLE_IDENTIFIER = ncpl.BroadcastUDP;
				PRODUCT_NAME = "$(TARGET_NAME)";
				SWIFT_EMIT_LOC_STRINGS = YES;
				SWIFT_VERSION = 5.0;
				TARGETED_DEVICE_FAMILY = "1,2";
			};
			name = Debug;
		};
		6799A25F2941C8C9000FAEB2 /* Release */ = {
			isa = XCBuildConfiguration;
			baseConfigurationReference = 57F05B635E9BB73CAAC3C0AD /* Pods-BroadcastUDP.release.xcconfig */;
			buildSettings = {
				ASSETCATALOG_COMPILER_APPICON_NAME = AppIcon;
				ASSETCATALOG_COMPILER_GLOBAL_ACCENT_COLOR_NAME = AccentColor;
				CODE_SIGN_STYLE = Automatic;
				CURRENT_PROJECT_VERSION = 1;
				GENERATE_INFOPLIST_FILE = YES;
				INFOPLIST_FILE = BroadcastUDP/Info.plist;
				INFOPLIST_KEY_UIApplicationSupportsIndirectInputEvents = YES;
				INFOPLIST_KEY_UILaunchStoryboardName = LaunchScreen;
				INFOPLIST_KEY_UIMainStoryboardFile = Main;
				INFOPLIST_KEY_UISupportedInterfaceOrientations_iPad = "UIInterfaceOrientationPortrait UIInterfaceOrientationPortraitUpsideDown UIInterfaceOrientationLandscapeLeft UIInterfaceOrientationLandscapeRight";
				INFOPLIST_KEY_UISupportedInterfaceOrientations_iPhone = "UIInterfaceOrientationPortrait UIInterfaceOrientationLandscapeLeft UIInterfaceOrientationLandscapeRight";
				LD_RUNPATH_SEARCH_PATHS = (
					"$(inherited)",
					"@executable_path/Frameworks",
				);
				MARKETING_VERSION = 1.0;
				PRODUCT_BUNDLE_IDENTIFIER = ncpl.BroadcastUDP;
				PRODUCT_NAME = "$(TARGET_NAME)";
				SWIFT_EMIT_LOC_STRINGS = YES;
				SWIFT_VERSION = 5.0;
				TARGETED_DEVICE_FAMILY = "1,2";
			};
			name = Release;
		};
/* End XCBuildConfiguration section */

/* Begin XCConfigurationList section */
		6799A2442941C8C6000FAEB2 /* Build configuration list for PBXProject "BroadcastUDP" */ = {
			isa = XCConfigurationList;
			buildConfigurations = (
				6799A25B2941C8C9000FAEB2 /* Debug */,
				6799A25C2941C8C9000FAEB2 /* Release */,
			);
			defaultConfigurationIsVisible = 0;
			defaultConfigurationName = Release;
		};
		6799A25D2941C8C9000FAEB2 /* Build configuration list for PBXNativeTarget "BroadcastUDP" */ = {
			isa = XCConfigurationList;
			buildConfigurations = (
				6799A25E2941C8C9000FAEB2 /* Debug */,
				6799A25F2941C8C9000FAEB2 /* Release */,
			);
			defaultConfigurationIsVisible = 0;
			defaultConfigurationName = Release;
		};
/* End XCConfigurationList section */
	};
	rootObject = 6799A2412941C8C6000FAEB2 /* Project object */;
}
